// !$*UTF8*$!
{
	archiveVersion = 1;
	classes = {
	};
	objectVersion = 51;
	objects = {

/* Begin PBXBuildFile section */
		2376E2ED0BBFB0E734D0C5F9 /* Pods_AppCreating1.framework in Frameworks */ = {isa = PBXBuildFile; fileRef = 6848F1A5F650A59D1FAF9ECB /* Pods_AppCreating1.framework */; };
		312A96172646A603008C2278 /* AppDelegate.swift in Sources */ = {isa = PBXBuildFile; fileRef = 312A96162646A603008C2278 /* AppDelegate.swift */; };
		312A96192646A603008C2278 /* SceneDelegate.swift in Sources */ = {isa = PBXBuildFile; fileRef = 312A96182646A603008C2278 /* SceneDelegate.swift */; };
		312A961B2646A603008C2278 /* MainMenuViewController.swift in Sources */ = {isa = PBXBuildFile; fileRef = 312A961A2646A603008C2278 /* MainMenuViewController.swift */; };
		312A961E2646A603008C2278 /* Main.storyboard in Resources */ = {isa = PBXBuildFile; fileRef = 312A961C2646A603008C2278 /* Main.storyboard */; };
		312A96202646A604008C2278 /* Assets.xcassets in Resources */ = {isa = PBXBuildFile; fileRef = 312A961F2646A604008C2278 /* Assets.xcassets */; };
		312A96232646A604008C2278 /* LaunchScreen.storyboard in Resources */ = {isa = PBXBuildFile; fileRef = 312A96212646A604008C2278 /* LaunchScreen.storyboard */; };
		312A96352646A6D1008C2278 /* InfoPlist.strings in Resources */ = {isa = PBXBuildFile; fileRef = 312A96372646A6D1008C2278 /* InfoPlist.strings */; };
		312E8FF42659107C00EE0E2D /* PlayersNavigationController.swift in Sources */ = {isa = PBXBuildFile; fileRef = 312E8FF32659107C00EE0E2D /* PlayersNavigationController.swift */; };
		312E8FF82659281F00EE0E2D /* DesignableView.swift in Sources */ = {isa = PBXBuildFile; fileRef = 312E8FF72659281F00EE0E2D /* DesignableView.swift */; };
		312E8FFD265928FB00EE0E2D /* KeyboardSpacerView.swift in Sources */ = {isa = PBXBuildFile; fileRef = 312E8FFC265928FB00EE0E2D /* KeyboardSpacerView.swift */; };
		31322B0226511CC5008D58C1 /* BaseButton.swift in Sources */ = {isa = PBXBuildFile; fileRef = 31322B0126511CC5008D58C1 /* BaseButton.swift */; };
		31322B0726512834008D58C1 /* AssetImageView.swift in Sources */ = {isa = PBXBuildFile; fileRef = 31322B0626512834008D58C1 /* AssetImageView.swift */; };
		317F01782665D60C00149380 /* FetchAssetsView.swift in Sources */ = {isa = PBXBuildFile; fileRef = 317F01772665D60C00149380 /* FetchAssetsView.swift */; };
		317F017C2665D65100149380 /* FetchAssetsView.xib in Resources */ = {isa = PBXBuildFile; fileRef = 317F017B2665D65100149380 /* FetchAssetsView.xib */; };
		317F017F2665DC7C00149380 /* AssetRegistry.swift in Sources */ = {isa = PBXBuildFile; fileRef = 317F017E2665DC7C00149380 /* AssetRegistry.swift */; };
		317F0182266607F300149380 /* AudioPlayer.swift in Sources */ = {isa = PBXBuildFile; fileRef = 317F0181266607F300149380 /* AudioPlayer.swift */; };
		317F01872666594200149380 /* LocalizedStringRegistry.swift in Sources */ = {isa = PBXBuildFile; fileRef = 317F01862666594200149380 /* LocalizedStringRegistry.swift */; };
		317F018A266659B100149380 /* LocalizedStringsIndexApiClient.swift in Sources */ = {isa = PBXBuildFile; fileRef = 317F0189266659B100149380 /* LocalizedStringsIndexApiClient.swift */; };
		317F018D2667011000149380 /* RootViewController.swift in Sources */ = {isa = PBXBuildFile; fileRef = 317F018C2667011000149380 /* RootViewController.swift */; };
		317F019726672BCE00149380 /* SettingsViewController.swift in Sources */ = {isa = PBXBuildFile; fileRef = 317F019626672BCE00149380 /* SettingsViewController.swift */; };
		317F019B2667354900149380 /* SettingsLanguageViewController.swift in Sources */ = {isa = PBXBuildFile; fileRef = 317F019A2667354900149380 /* SettingsLanguageViewController.swift */; };
		317F019F2667373300149380 /* Language.swift in Sources */ = {isa = PBXBuildFile; fileRef = 317F019E2667373300149380 /* Language.swift */; };
		317F01A22667379400149380 /* LanguageRegistry.swift in Sources */ = {isa = PBXBuildFile; fileRef = 317F01A12667379400149380 /* LanguageRegistry.swift */; };
		317F01A5266737C400149380 /* LanguagesIndexApiClient.swift in Sources */ = {isa = PBXBuildFile; fileRef = 317F01A4266737C400149380 /* LanguagesIndexApiClient.swift */; };
		317F01AA26673A3C00149380 /* LanguageTableViewCell.swift in Sources */ = {isa = PBXBuildFile; fileRef = 317F01A826673A3C00149380 /* LanguageTableViewCell.swift */; };
		317F01AB26673A3C00149380 /* LanguageTableViewCell.xib in Resources */ = {isa = PBXBuildFile; fileRef = 317F01A926673A3C00149380 /* LanguageTableViewCell.xib */; };
		317F01AF26673DEB00149380 /* UserSession.swift in Sources */ = {isa = PBXBuildFile; fileRef = 317F01AE26673DEB00149380 /* UserSession.swift */; };
		3180C4BE265A637D002ED550 /* InstructionView.swift in Sources */ = {isa = PBXBuildFile; fileRef = 3180C4BD265A637D002ED550 /* InstructionView.swift */; };
		3180C4C1265A63B1002ED550 /* InstructionView.xib in Resources */ = {isa = PBXBuildFile; fileRef = 3180C4C0265A63B1002ED550 /* InstructionView.xib */; };
		3180C4C4265A8E32002ED550 /* PlayersAddViewController.swift in Sources */ = {isa = PBXBuildFile; fileRef = 3180C4C3265A8E32002ED550 /* PlayersAddViewController.swift */; };
		319399BA2667A8D30088F9DB /* PlayersChooseDealerViewController.swift in Sources */ = {isa = PBXBuildFile; fileRef = 319399B92667A8D30088F9DB /* PlayersChooseDealerViewController.swift */; };
		319B426A265E48D900F39191 /* TopicRegistry.swift in Sources */ = {isa = PBXBuildFile; fileRef = 319B4269265E48D900F39191 /* TopicRegistry.swift */; };
		319B426D265E4BC500F39191 /* Topic.swift in Sources */ = {isa = PBXBuildFile; fileRef = 319B426C265E4BC500F39191 /* Topic.swift */; };
		319B4270265E595200F39191 /* QuestionsIndexApiClient.swift in Sources */ = {isa = PBXBuildFile; fileRef = 319B426F265E595200F39191 /* QuestionsIndexApiClient.swift */; };
		319B4273265E59BC00F39191 /* Question.swift in Sources */ = {isa = PBXBuildFile; fileRef = 319B4272265E59BC00F39191 /* Question.swift */; };
		319B4276265E59DD00F39191 /* QuestionRegistry.swift in Sources */ = {isa = PBXBuildFile; fileRef = 319B4275265E59DD00F39191 /* QuestionRegistry.swift */; };
		319B4279265E6FF100F39191 /* PlayersEditNameViewController.swift in Sources */ = {isa = PBXBuildFile; fileRef = 319B4278265E6FF100F39191 /* PlayersEditNameViewController.swift */; };
		319B427E265E715D00F39191 /* PlayerEditNameTableViewCell.swift in Sources */ = {isa = PBXBuildFile; fileRef = 319B427C265E715D00F39191 /* PlayerEditNameTableViewCell.swift */; };
		319B427F265E715D00F39191 /* PlayerEditNameTableViewCell.xib in Resources */ = {isa = PBXBuildFile; fileRef = 319B427D265E715D00F39191 /* PlayerEditNameTableViewCell.xib */; };
		319B4284265E855A00F39191 /* GameSession.swift in Sources */ = {isa = PBXBuildFile; fileRef = 319B4283265E855A00F39191 /* GameSession.swift */; };
		319C82942667BC8000E1FE66 /* ChooseDealerTableViewCell.swift in Sources */ = {isa = PBXBuildFile; fileRef = 319C82922667BC8000E1FE66 /* ChooseDealerTableViewCell.swift */; };
		319C82952667BC8000E1FE66 /* ChooseDealerTableViewCell.xib in Resources */ = {isa = PBXBuildFile; fileRef = 319C82932667BC8000E1FE66 /* ChooseDealerTableViewCell.xib */; };
		31A80CA1265E3BE70018BBD4 /* NotificationName.swift in Sources */ = {isa = PBXBuildFile; fileRef = 31A80CA0265E3BE70018BBD4 /* NotificationName.swift */; };
		31A80CA5265E3F4C0018BBD4 /* ActivityIndicatorView.swift in Sources */ = {isa = PBXBuildFile; fileRef = 31A80CA4265E3F4C0018BBD4 /* ActivityIndicatorView.swift */; };
		31A80CA9265E3F6E0018BBD4 /* ActivityIndicatorView.xib in Resources */ = {isa = PBXBuildFile; fileRef = 31A80CA8265E3F6E0018BBD4 /* ActivityIndicatorView.xib */; };
		31C3C11D264FABA900CCD7A9 /* PrimaryButton.swift in Sources */ = {isa = PBXBuildFile; fileRef = 31C3C11C264FABA900CCD7A9 /* PrimaryButton.swift */; };
		31C3C121264FBF6500CCD7A9 /* Yuanti.ttc in Resources */ = {isa = PBXBuildFile; fileRef = 31C3C120264FBF6500CCD7A9 /* Yuanti.ttc */; };
		31C5C8B82664E3FA000A1EF2 /* PlayersChooseQuestionViewController.swift in Sources */ = {isa = PBXBuildFile; fileRef = 31C5C8B72664E3FA000A1EF2 /* PlayersChooseQuestionViewController.swift */; };
		31C5C8BC2664E889000A1EF2 /* QuestionPickAnimationView.swift in Sources */ = {isa = PBXBuildFile; fileRef = 31C5C8BB2664E889000A1EF2 /* QuestionPickAnimationView.swift */; };
		31C5C8BF2664E8C8000A1EF2 /* QuestionPickAnimationView.xib in Resources */ = {isa = PBXBuildFile; fileRef = 31C5C8BE2664E8C8000A1EF2 /* QuestionPickAnimationView.xib */; };
		31E47E92264FD5910028B545 /* SecondaryButton.swift in Sources */ = {isa = PBXBuildFile; fileRef = 31E47E91264FD5910028B545 /* SecondaryButton.swift */; };
		31F046A5265DDD50001FB7A9 /* AbstractApiClient.swift in Sources */ = {isa = PBXBuildFile; fileRef = 31F046A4265DDD50001FB7A9 /* AbstractApiClient.swift */; };
		31F046A9265DDE00001FB7A9 /* TopicsIndexApiClient.swift in Sources */ = {isa = PBXBuildFile; fileRef = 31F046A8265DDE00001FB7A9 /* TopicsIndexApiClient.swift */; };
		31F3B4D92668F91E00050549 /* TopicsChooseViewController.swift in Sources */ = {isa = PBXBuildFile; fileRef = 31F3B4D82668F91E00050549 /* TopicsChooseViewController.swift */; };
		31F3B4DD266909E900050549 /* TopicsPickAnimationView.swift in Sources */ = {isa = PBXBuildFile; fileRef = 31F3B4DC266909E900050549 /* TopicsPickAnimationView.swift */; };
		31F3B4E1266909FE00050549 /* TopicsPickAnimationView.xib in Resources */ = {isa = PBXBuildFile; fileRef = 31F3B4E0266909FE00050549 /* TopicsPickAnimationView.xib */; };
/* End PBXBuildFile section */

/* Begin PBXFileReference section */
		312A96132646A603008C2278 /* AppCreating1.app */ = {isa = PBXFileReference; explicitFileType = wrapper.application; includeInIndex = 0; path = AppCreating1.app; sourceTree = BUILT_PRODUCTS_DIR; };
		312A96162646A603008C2278 /* AppDelegate.swift */ = {isa = PBXFileReference; lastKnownFileType = sourcecode.swift; path = AppDelegate.swift; sourceTree = "<group>"; };
		312A96182646A603008C2278 /* SceneDelegate.swift */ = {isa = PBXFileReference; lastKnownFileType = sourcecode.swift; path = SceneDelegate.swift; sourceTree = "<group>"; };
		312A961A2646A603008C2278 /* MainMenuViewController.swift */ = {isa = PBXFileReference; lastKnownFileType = sourcecode.swift; path = MainMenuViewController.swift; sourceTree = "<group>"; };
		312A961D2646A603008C2278 /* Base */ = {isa = PBXFileReference; lastKnownFileType = file.storyboard; name = Base; path = Base.lproj/Main.storyboard; sourceTree = "<group>"; };
		312A961F2646A604008C2278 /* Assets.xcassets */ = {isa = PBXFileReference; lastKnownFileType = folder.assetcatalog; path = Assets.xcassets; sourceTree = "<group>"; };
		312A96222646A604008C2278 /* Base */ = {isa = PBXFileReference; lastKnownFileType = file.storyboard; name = Base; path = Base.lproj/LaunchScreen.storyboard; sourceTree = "<group>"; };
		312A96242646A604008C2278 /* Info.plist */ = {isa = PBXFileReference; lastKnownFileType = text.plist.xml; path = Info.plist; sourceTree = "<group>"; };
		312A96392646A6D4008C2278 /* ja */ = {isa = PBXFileReference; lastKnownFileType = text.plist.strings; name = ja; path = ja.lproj/InfoPlist.strings; sourceTree = "<group>"; };
		312E8FF32659107C00EE0E2D /* PlayersNavigationController.swift */ = {isa = PBXFileReference; lastKnownFileType = sourcecode.swift; path = PlayersNavigationController.swift; sourceTree = "<group>"; };
		312E8FF72659281F00EE0E2D /* DesignableView.swift */ = {isa = PBXFileReference; lastKnownFileType = sourcecode.swift; path = DesignableView.swift; sourceTree = "<group>"; };
		312E8FFC265928FB00EE0E2D /* KeyboardSpacerView.swift */ = {isa = PBXFileReference; lastKnownFileType = sourcecode.swift; path = KeyboardSpacerView.swift; sourceTree = "<group>"; };
		31322B0126511CC5008D58C1 /* BaseButton.swift */ = {isa = PBXFileReference; lastKnownFileType = sourcecode.swift; path = BaseButton.swift; sourceTree = "<group>"; };
		31322B0626512834008D58C1 /* AssetImageView.swift */ = {isa = PBXFileReference; lastKnownFileType = sourcecode.swift; path = AssetImageView.swift; sourceTree = "<group>"; };
		317F01772665D60C00149380 /* FetchAssetsView.swift */ = {isa = PBXFileReference; lastKnownFileType = sourcecode.swift; path = FetchAssetsView.swift; sourceTree = "<group>"; };
		317F017B2665D65100149380 /* FetchAssetsView.xib */ = {isa = PBXFileReference; lastKnownFileType = file.xib; path = FetchAssetsView.xib; sourceTree = "<group>"; };
		317F017E2665DC7C00149380 /* AssetRegistry.swift */ = {isa = PBXFileReference; lastKnownFileType = sourcecode.swift; path = AssetRegistry.swift; sourceTree = "<group>"; };
		317F0181266607F300149380 /* AudioPlayer.swift */ = {isa = PBXFileReference; lastKnownFileType = sourcecode.swift; path = AudioPlayer.swift; sourceTree = "<group>"; };
		317F01862666594200149380 /* LocalizedStringRegistry.swift */ = {isa = PBXFileReference; lastKnownFileType = sourcecode.swift; path = LocalizedStringRegistry.swift; sourceTree = "<group>"; };
		317F0189266659B100149380 /* LocalizedStringsIndexApiClient.swift */ = {isa = PBXFileReference; lastKnownFileType = sourcecode.swift; path = LocalizedStringsIndexApiClient.swift; sourceTree = "<group>"; };
		317F018C2667011000149380 /* RootViewController.swift */ = {isa = PBXFileReference; lastKnownFileType = sourcecode.swift; path = RootViewController.swift; sourceTree = "<group>"; };
		317F019626672BCE00149380 /* SettingsViewController.swift */ = {isa = PBXFileReference; lastKnownFileType = sourcecode.swift; path = SettingsViewController.swift; sourceTree = "<group>"; };
		317F019A2667354900149380 /* SettingsLanguageViewController.swift */ = {isa = PBXFileReference; lastKnownFileType = sourcecode.swift; path = SettingsLanguageViewController.swift; sourceTree = "<group>"; };
		317F019E2667373300149380 /* Language.swift */ = {isa = PBXFileReference; lastKnownFileType = sourcecode.swift; path = Language.swift; sourceTree = "<group>"; };
		317F01A12667379400149380 /* LanguageRegistry.swift */ = {isa = PBXFileReference; lastKnownFileType = sourcecode.swift; path = LanguageRegistry.swift; sourceTree = "<group>"; };
		317F01A4266737C400149380 /* LanguagesIndexApiClient.swift */ = {isa = PBXFileReference; lastKnownFileType = sourcecode.swift; path = LanguagesIndexApiClient.swift; sourceTree = "<group>"; };
		317F01A826673A3C00149380 /* LanguageTableViewCell.swift */ = {isa = PBXFileReference; lastKnownFileType = sourcecode.swift; path = LanguageTableViewCell.swift; sourceTree = "<group>"; };
		317F01A926673A3C00149380 /* LanguageTableViewCell.xib */ = {isa = PBXFileReference; lastKnownFileType = file.xib; path = LanguageTableViewCell.xib; sourceTree = "<group>"; };
		317F01AE26673DEB00149380 /* UserSession.swift */ = {isa = PBXFileReference; lastKnownFileType = sourcecode.swift; path = UserSession.swift; sourceTree = "<group>"; };
		3180C4BD265A637D002ED550 /* InstructionView.swift */ = {isa = PBXFileReference; lastKnownFileType = sourcecode.swift; path = InstructionView.swift; sourceTree = "<group>"; };
		3180C4C0265A63B1002ED550 /* InstructionView.xib */ = {isa = PBXFileReference; lastKnownFileType = file.xib; path = InstructionView.xib; sourceTree = "<group>"; };
		3180C4C3265A8E32002ED550 /* PlayersAddViewController.swift */ = {isa = PBXFileReference; lastKnownFileType = sourcecode.swift; path = PlayersAddViewController.swift; sourceTree = "<group>"; };
		319399B92667A8D30088F9DB /* PlayersChooseDealerViewController.swift */ = {isa = PBXFileReference; lastKnownFileType = sourcecode.swift; path = PlayersChooseDealerViewController.swift; sourceTree = "<group>"; };
		319B4269265E48D900F39191 /* TopicRegistry.swift */ = {isa = PBXFileReference; lastKnownFileType = sourcecode.swift; path = TopicRegistry.swift; sourceTree = "<group>"; };
		319B426C265E4BC500F39191 /* Topic.swift */ = {isa = PBXFileReference; lastKnownFileType = sourcecode.swift; path = Topic.swift; sourceTree = "<group>"; };
		319B426F265E595200F39191 /* QuestionsIndexApiClient.swift */ = {isa = PBXFileReference; lastKnownFileType = sourcecode.swift; path = QuestionsIndexApiClient.swift; sourceTree = "<group>"; };
		319B4272265E59BC00F39191 /* Question.swift */ = {isa = PBXFileReference; lastKnownFileType = sourcecode.swift; path = Question.swift; sourceTree = "<group>"; };
		319B4275265E59DD00F39191 /* QuestionRegistry.swift */ = {isa = PBXFileReference; lastKnownFileType = sourcecode.swift; path = QuestionRegistry.swift; sourceTree = "<group>"; };
		319B4278265E6FF100F39191 /* PlayersEditNameViewController.swift */ = {isa = PBXFileReference; lastKnownFileType = sourcecode.swift; path = PlayersEditNameViewController.swift; sourceTree = "<group>"; };
		319B427C265E715D00F39191 /* PlayerEditNameTableViewCell.swift */ = {isa = PBXFileReference; lastKnownFileType = sourcecode.swift; path = PlayerEditNameTableViewCell.swift; sourceTree = "<group>"; };
		319B427D265E715D00F39191 /* PlayerEditNameTableViewCell.xib */ = {isa = PBXFileReference; lastKnownFileType = file.xib; path = PlayerEditNameTableViewCell.xib; sourceTree = "<group>"; };
		319B4283265E855A00F39191 /* GameSession.swift */ = {isa = PBXFileReference; lastKnownFileType = sourcecode.swift; path = GameSession.swift; sourceTree = "<group>"; };
		319C82922667BC8000E1FE66 /* ChooseDealerTableViewCell.swift */ = {isa = PBXFileReference; lastKnownFileType = sourcecode.swift; path = ChooseDealerTableViewCell.swift; sourceTree = "<group>"; };
		319C82932667BC8000E1FE66 /* ChooseDealerTableViewCell.xib */ = {isa = PBXFileReference; lastKnownFileType = file.xib; path = ChooseDealerTableViewCell.xib; sourceTree = "<group>"; };
		31A80CA0265E3BE70018BBD4 /* NotificationName.swift */ = {isa = PBXFileReference; lastKnownFileType = sourcecode.swift; path = NotificationName.swift; sourceTree = "<group>"; };
		31A80CA4265E3F4C0018BBD4 /* ActivityIndicatorView.swift */ = {isa = PBXFileReference; lastKnownFileType = sourcecode.swift; path = ActivityIndicatorView.swift; sourceTree = "<group>"; };
		31A80CA8265E3F6E0018BBD4 /* ActivityIndicatorView.xib */ = {isa = PBXFileReference; lastKnownFileType = file.xib; path = ActivityIndicatorView.xib; sourceTree = "<group>"; };
		31C3C11C264FABA900CCD7A9 /* PrimaryButton.swift */ = {isa = PBXFileReference; lastKnownFileType = sourcecode.swift; path = PrimaryButton.swift; sourceTree = "<group>"; };
		31C3C120264FBF6500CCD7A9 /* Yuanti.ttc */ = {isa = PBXFileReference; lastKnownFileType = file; path = Yuanti.ttc; sourceTree = "<group>"; };
		31C5C8B72664E3FA000A1EF2 /* PlayersChooseQuestionViewController.swift */ = {isa = PBXFileReference; lastKnownFileType = sourcecode.swift; path = PlayersChooseQuestionViewController.swift; sourceTree = "<group>"; };
		31C5C8BB2664E889000A1EF2 /* QuestionPickAnimationView.swift */ = {isa = PBXFileReference; lastKnownFileType = sourcecode.swift; path = QuestionPickAnimationView.swift; sourceTree = "<group>"; };
		31C5C8BE2664E8C8000A1EF2 /* QuestionPickAnimationView.xib */ = {isa = PBXFileReference; lastKnownFileType = file.xib; path = QuestionPickAnimationView.xib; sourceTree = "<group>"; };
		31E47E91264FD5910028B545 /* SecondaryButton.swift */ = {isa = PBXFileReference; lastKnownFileType = sourcecode.swift; path = SecondaryButton.swift; sourceTree = "<group>"; };
		31F046A4265DDD50001FB7A9 /* AbstractApiClient.swift */ = {isa = PBXFileReference; lastKnownFileType = sourcecode.swift; path = AbstractApiClient.swift; sourceTree = "<group>"; };
		31F046A8265DDE00001FB7A9 /* TopicsIndexApiClient.swift */ = {isa = PBXFileReference; lastKnownFileType = sourcecode.swift; path = TopicsIndexApiClient.swift; sourceTree = "<group>"; };
		31F3B4D82668F91E00050549 /* TopicsChooseViewController.swift */ = {isa = PBXFileReference; lastKnownFileType = sourcecode.swift; path = TopicsChooseViewController.swift; sourceTree = "<group>"; wrapsLines = 0; };
		31F3B4DC266909E900050549 /* TopicsPickAnimationView.swift */ = {isa = PBXFileReference; lastKnownFileType = sourcecode.swift; path = TopicsPickAnimationView.swift; sourceTree = "<group>"; };
		31F3B4E0266909FE00050549 /* TopicsPickAnimationView.xib */ = {isa = PBXFileReference; lastKnownFileType = file.xib; path = TopicsPickAnimationView.xib; sourceTree = "<group>"; };
		6848F1A5F650A59D1FAF9ECB /* Pods_AppCreating1.framework */ = {isa = PBXFileReference; explicitFileType = wrapper.framework; includeInIndex = 0; path = Pods_AppCreating1.framework; sourceTree = BUILT_PRODUCTS_DIR; };
		A026AE652640FD13669B2A6D /* Pods-AppCreating1.debug.xcconfig */ = {isa = PBXFileReference; includeInIndex = 1; lastKnownFileType = text.xcconfig; name = "Pods-AppCreating1.debug.xcconfig"; path = "Target Support Files/Pods-AppCreating1/Pods-AppCreating1.debug.xcconfig"; sourceTree = "<group>"; };
		A16AA608926168AE6658AEAD /* Pods-AppCreating1.release.xcconfig */ = {isa = PBXFileReference; includeInIndex = 1; lastKnownFileType = text.xcconfig; name = "Pods-AppCreating1.release.xcconfig"; path = "Target Support Files/Pods-AppCreating1/Pods-AppCreating1.release.xcconfig"; sourceTree = "<group>"; };
/* End PBXFileReference section */

/* Begin PBXFrameworksBuildPhase section */
		312A96102646A603008C2278 /* Frameworks */ = {
			isa = PBXFrameworksBuildPhase;
			buildActionMask = 2147483647;
			files = (
				2376E2ED0BBFB0E734D0C5F9 /* Pods_AppCreating1.framework in Frameworks */,
			);
			runOnlyForDeploymentPostprocessing = 0;
		};
/* End PBXFrameworksBuildPhase section */

/* Begin PBXGroup section */
		312A960A2646A603008C2278 = {
			isa = PBXGroup;
			children = (
				312A96152646A603008C2278 /* AppCreating1 */,
				312A96142646A603008C2278 /* Products */,
				9E3C0C8F630A9BFD0C505C1A /* Pods */,
				9F4FB8A9E8E7D42C9399B00D /* Frameworks */,
			);
			sourceTree = "<group>";
		};
		312A96142646A603008C2278 /* Products */ = {
			isa = PBXGroup;
			children = (
				312A96132646A603008C2278 /* AppCreating1.app */,
			);
			name = Products;
			sourceTree = "<group>";
		};
		312A96152646A603008C2278 /* AppCreating1 */ = {
			isa = PBXGroup;
			children = (
				312A96162646A603008C2278 /* AppDelegate.swift */,
				312A96182646A603008C2278 /* SceneDelegate.swift */,
				312A96242646A604008C2278 /* Info.plist */,
				312A96372646A6D1008C2278 /* InfoPlist.strings */,
				319B4267265E485400F39191 /* Models */,
				31F046A3265DDD1E001FB7A9 /* ApiClients */,
				312A962C2646A637008C2278 /* Controllers */,
				31C3C11A264FAB4700CCD7A9 /* CustomViews */,
				31322B042651279C008D58C1 /* Extensions */,
				312A961C2646A603008C2278 /* Main.storyboard */,
				312A96212646A604008C2278 /* LaunchScreen.storyboard */,
				312A961F2646A604008C2278 /* Assets.xcassets */,
				31C3C120264FBF6500CCD7A9 /* Yuanti.ttc */,
			);
			path = AppCreating1;
			sourceTree = "<group>";
		};
		312A962C2646A637008C2278 /* Controllers */ = {
			isa = PBXGroup;
			children = (
				317F018C2667011000149380 /* RootViewController.swift */,
				312A961A2646A603008C2278 /* MainMenuViewController.swift */,
				317F019626672BCE00149380 /* SettingsViewController.swift */,
				317F019A2667354900149380 /* SettingsLanguageViewController.swift */,
				312E8FF32659107C00EE0E2D /* PlayersNavigationController.swift */,
				3180C4C3265A8E32002ED550 /* PlayersAddViewController.swift */,
				319B4278265E6FF100F39191 /* PlayersEditNameViewController.swift */,
				31C5C8B72664E3FA000A1EF2 /* PlayersChooseQuestionViewController.swift */,
				319399B92667A8D30088F9DB /* PlayersChooseDealerViewController.swift */,
				31F3B4D82668F91E00050549 /* TopicsChooseViewController.swift */,
			);
			name = Controllers;
			sourceTree = "<group>";
		};
		312E8FF62659280A00EE0E2D /* DesignableView */ = {
			isa = PBXGroup;
			children = (
				312E8FF72659281F00EE0E2D /* DesignableView.swift */,
			);
			name = DesignableView;
			sourceTree = "<group>";
		};
		312E8FFB265928E400EE0E2D /* KeyboardSpacerView */ = {
			isa = PBXGroup;
			children = (
				312E8FFC265928FB00EE0E2D /* KeyboardSpacerView.swift */,
			);
			name = KeyboardSpacerView;
			sourceTree = "<group>";
		};
		31322B0026511CAD008D58C1 /* BaseButton */ = {
			isa = PBXGroup;
			children = (
				31322B0126511CC5008D58C1 /* BaseButton.swift */,
			);
			name = BaseButton;
			sourceTree = "<group>";
		};
		31322B042651279C008D58C1 /* Extensions */ = {
			isa = PBXGroup;
			children = (
				31A80CA0265E3BE70018BBD4 /* NotificationName.swift */,
			);
			name = Extensions;
			sourceTree = "<group>";
		};
		31322B0526512820008D58C1 /* AssetImageView */ = {
			isa = PBXGroup;
			children = (
				31322B0626512834008D58C1 /* AssetImageView.swift */,
			);
			name = AssetImageView;
			sourceTree = "<group>";
		};
		317F01762665D5E700149380 /* FetchAssetsView */ = {
			isa = PBXGroup;
			children = (
				317F01772665D60C00149380 /* FetchAssetsView.swift */,
				317F017B2665D65100149380 /* FetchAssetsView.xib */,
			);
			name = FetchAssetsView;
			sourceTree = "<group>";
		};
		317F01A726673A1400149380 /* LanguageTableViewCell */ = {
			isa = PBXGroup;
			children = (
				317F01A826673A3C00149380 /* LanguageTableViewCell.swift */,
				317F01A926673A3C00149380 /* LanguageTableViewCell.xib */,
			);
			name = LanguageTableViewCell;
			sourceTree = "<group>";
		};
		3180C4B3265A615B002ED550 /* InstructionView */ = {
			isa = PBXGroup;
			children = (
				3180C4BD265A637D002ED550 /* InstructionView.swift */,
				3180C4C0265A63B1002ED550 /* InstructionView.xib */,
			);
			name = InstructionView;
			sourceTree = "<group>";
		};
		319B4267265E485400F39191 /* Models */ = {
			isa = PBXGroup;
			children = (
				319B4268265E486300F39191 /* Registries */,
				317F01AE26673DEB00149380 /* UserSession.swift */,
				319B4283265E855A00F39191 /* GameSession.swift */,
				317F0181266607F300149380 /* AudioPlayer.swift */,
				319B426C265E4BC500F39191 /* Topic.swift */,
				319B4272265E59BC00F39191 /* Question.swift */,
				317F019E2667373300149380 /* Language.swift */,
			);
			name = Models;
			sourceTree = "<group>";
		};
		319B4268265E486300F39191 /* Registries */ = {
			isa = PBXGroup;
			children = (
				319B4269265E48D900F39191 /* TopicRegistry.swift */,
				319B4275265E59DD00F39191 /* QuestionRegistry.swift */,
				317F01A12667379400149380 /* LanguageRegistry.swift */,
				317F017E2665DC7C00149380 /* AssetRegistry.swift */,
				317F01862666594200149380 /* LocalizedStringRegistry.swift */,
			);
			name = Registries;
			sourceTree = "<group>";
		};
		319B427B265E70FE00F39191 /* PlayerEditNameTableViewCell */ = {
			isa = PBXGroup;
			children = (
				319B427C265E715D00F39191 /* PlayerEditNameTableViewCell.swift */,
				319B427D265E715D00F39191 /* PlayerEditNameTableViewCell.xib */,
			);
			name = PlayerEditNameTableViewCell;
			sourceTree = "<group>";
		};
		319C82912667BC5B00E1FE66 /* ChooseDealerTableViewCell */ = {
			isa = PBXGroup;
			children = (
				319C82922667BC8000E1FE66 /* ChooseDealerTableViewCell.swift */,
				319C82932667BC8000E1FE66 /* ChooseDealerTableViewCell.xib */,
			);
			name = ChooseDealerTableViewCell;
			sourceTree = "<group>";
		};
		31A80CA3265E3F350018BBD4 /* ActivityIndicatorView */ = {
			isa = PBXGroup;
			children = (
				31A80CA4265E3F4C0018BBD4 /* ActivityIndicatorView.swift */,
				31A80CA8265E3F6E0018BBD4 /* ActivityIndicatorView.xib */,
			);
			name = ActivityIndicatorView;
			sourceTree = "<group>";
		};
		31AD655626510F2700EE0202 /* SecondaryButton */ = {
			isa = PBXGroup;
			children = (
				31E47E91264FD5910028B545 /* SecondaryButton.swift */,
			);
			name = SecondaryButton;
			sourceTree = "<group>";
		};
		31C3C11A264FAB4700CCD7A9 /* CustomViews */ = {
			isa = PBXGroup;
			children = (
				312E8FF62659280A00EE0E2D /* DesignableView */,
				312E8FFB265928E400EE0E2D /* KeyboardSpacerView */,
				31A80CA3265E3F350018BBD4 /* ActivityIndicatorView */,
				317F01762665D5E700149380 /* FetchAssetsView */,
				31C5C8BA2664E868000A1EF2 /* QuestionPickAnimationView */,
				31F3B4DB266909BB00050549 /* TopicsPickAnimationView */,
				31322B0526512820008D58C1 /* AssetImageView */,
				3180C4B3265A615B002ED550 /* InstructionView */,
				31322B0026511CAD008D58C1 /* BaseButton */,
				31C3C11B264FAB9A00CCD7A9 /* PrimaryButton */,
				31AD655626510F2700EE0202 /* SecondaryButton */,
				317F01A726673A1400149380 /* LanguageTableViewCell */,
				319B427B265E70FE00F39191 /* PlayerEditNameTableViewCell */,
				319C82912667BC5B00E1FE66 /* ChooseDealerTableViewCell */,
			);
			name = CustomViews;
			sourceTree = "<group>";
		};
		31C3C11B264FAB9A00CCD7A9 /* PrimaryButton */ = {
			isa = PBXGroup;
			children = (
				31C3C11C264FABA900CCD7A9 /* PrimaryButton.swift */,
			);
			name = PrimaryButton;
			sourceTree = "<group>";
		};
		31C5C8BA2664E868000A1EF2 /* QuestionPickAnimationView */ = {
			isa = PBXGroup;
			children = (
				31C5C8BB2664E889000A1EF2 /* QuestionPickAnimationView.swift */,
				31C5C8BE2664E8C8000A1EF2 /* QuestionPickAnimationView.xib */,
			);
			name = QuestionPickAnimationView;
			sourceTree = "<group>";
		};
		31F046A3265DDD1E001FB7A9 /* ApiClients */ = {
			isa = PBXGroup;
			children = (
				31F046A4265DDD50001FB7A9 /* AbstractApiClient.swift */,
				31F046A8265DDE00001FB7A9 /* TopicsIndexApiClient.swift */,
				319B426F265E595200F39191 /* QuestionsIndexApiClient.swift */,
				317F01A4266737C400149380 /* LanguagesIndexApiClient.swift */,
				317F0189266659B100149380 /* LocalizedStringsIndexApiClient.swift */,
			);
			name = ApiClients;
			sourceTree = "<group>";
		};
		31F3B4DB266909BB00050549 /* TopicsPickAnimationView */ = {
			isa = PBXGroup;
			children = (
				31F3B4DC266909E900050549 /* TopicsPickAnimationView.swift */,
				31F3B4E0266909FE00050549 /* TopicsPickAnimationView.xib */,
			);
			name = TopicsPickAnimationView;
			sourceTree = "<group>";
		};
		9E3C0C8F630A9BFD0C505C1A /* Pods */ = {
			isa = PBXGroup;
			children = (
				A026AE652640FD13669B2A6D /* Pods-AppCreating1.debug.xcconfig */,
				A16AA608926168AE6658AEAD /* Pods-AppCreating1.release.xcconfig */,
			);
			path = Pods;
			sourceTree = "<group>";
		};
		9F4FB8A9E8E7D42C9399B00D /* Frameworks */ = {
			isa = PBXGroup;
			children = (
				6848F1A5F650A59D1FAF9ECB /* Pods_AppCreating1.framework */,
			);
			name = Frameworks;
			sourceTree = "<group>";
		};
/* End PBXGroup section */

/* Begin PBXNativeTarget section */
		312A96122646A603008C2278 /* AppCreating1 */ = {
			isa = PBXNativeTarget;
			buildConfigurationList = 312A96272646A604008C2278 /* Build configuration list for PBXNativeTarget "AppCreating1" */;
			buildPhases = (
				EB4EB31532CC5762E8B1C970 /* [CP] Check Pods Manifest.lock */,
				312A960F2646A603008C2278 /* Sources */,
				312A96102646A603008C2278 /* Frameworks */,
				312A96112646A603008C2278 /* Resources */,
				43086EFD2C2D8D434CB24A97 /* [CP] Embed Pods Frameworks */,
			);
			buildRules = (
			);
			dependencies = (
			);
			name = AppCreating1;
			productName = AppCreating1;
			productReference = 312A96132646A603008C2278 /* AppCreating1.app */;
			productType = "com.apple.product-type.application";
		};
/* End PBXNativeTarget section */

/* Begin PBXProject section */
		312A960B2646A603008C2278 /* Project object */ = {
			isa = PBXProject;
			attributes = {
				LastSwiftUpdateCheck = 1240;
				LastUpgradeCheck = 1240;
				TargetAttributes = {
					312A96122646A603008C2278 = {
						CreatedOnToolsVersion = 12.4;
					};
				};
			};
			buildConfigurationList = 312A960E2646A603008C2278 /* Build configuration list for PBXProject "AppCreating1" */;
			compatibilityVersion = "Xcode 9.3";
			developmentRegion = en;
			hasScannedForEncodings = 0;
			knownRegions = (
				en,
				Base,
				ja,
			);
			mainGroup = 312A960A2646A603008C2278;
			productRefGroup = 312A96142646A603008C2278 /* Products */;
			projectDirPath = "";
			projectRoot = "";
			targets = (
				312A96122646A603008C2278 /* AppCreating1 */,
			);
		};
/* End PBXProject section */

/* Begin PBXResourcesBuildPhase section */
		312A96112646A603008C2278 /* Resources */ = {
			isa = PBXResourcesBuildPhase;
			buildActionMask = 2147483647;
			files = (
				31C3C121264FBF6500CCD7A9 /* Yuanti.ttc in Resources */,
				317F017C2665D65100149380 /* FetchAssetsView.xib in Resources */,
				312A96232646A604008C2278 /* LaunchScreen.storyboard in Resources */,
				312A96352646A6D1008C2278 /* InfoPlist.strings in Resources */,
				319B427F265E715D00F39191 /* PlayerEditNameTableViewCell.xib in Resources */,
				312A96202646A604008C2278 /* Assets.xcassets in Resources */,
				312A961E2646A603008C2278 /* Main.storyboard in Resources */,
				31F3B4E1266909FE00050549 /* TopicsPickAnimationView.xib in Resources */,
				3180C4C1265A63B1002ED550 /* InstructionView.xib in Resources */,
				317F01AB26673A3C00149380 /* LanguageTableViewCell.xib in Resources */,
				31C5C8BF2664E8C8000A1EF2 /* QuestionPickAnimationView.xib in Resources */,
				31A80CA9265E3F6E0018BBD4 /* ActivityIndicatorView.xib in Resources */,
				319C82952667BC8000E1FE66 /* ChooseDealerTableViewCell.xib in Resources */,
			);
			runOnlyForDeploymentPostprocessing = 0;
		};
/* End PBXResourcesBuildPhase section */

/* Begin PBXShellScriptBuildPhase section */
		43086EFD2C2D8D434CB24A97 /* [CP] Embed Pods Frameworks */ = {
			isa = PBXShellScriptBuildPhase;
			buildActionMask = 2147483647;
			files = (
			);
			inputFileListPaths = (
				"${PODS_ROOT}/Target Support Files/Pods-AppCreating1/Pods-AppCreating1-frameworks-${CONFIGURATION}-input-files.xcfilelist",
			);
			name = "[CP] Embed Pods Frameworks";
			outputFileListPaths = (
				"${PODS_ROOT}/Target Support Files/Pods-AppCreating1/Pods-AppCreating1-frameworks-${CONFIGURATION}-output-files.xcfilelist",
			);
			runOnlyForDeploymentPostprocessing = 0;
			shellPath = /bin/sh;
			shellScript = "\"${PODS_ROOT}/Target Support Files/Pods-AppCreating1/Pods-AppCreating1-frameworks.sh\"\n";
			showEnvVarsInLog = 0;
		};
		EB4EB31532CC5762E8B1C970 /* [CP] Check Pods Manifest.lock */ = {
			isa = PBXShellScriptBuildPhase;
			buildActionMask = 2147483647;
			files = (
			);
			inputFileListPaths = (
			);
			inputPaths = (
				"${PODS_PODFILE_DIR_PATH}/Podfile.lock",
				"${PODS_ROOT}/Manifest.lock",
			);
			name = "[CP] Check Pods Manifest.lock";
			outputFileListPaths = (
			);
			outputPaths = (
				"$(DERIVED_FILE_DIR)/Pods-AppCreating1-checkManifestLockResult.txt",
			);
			runOnlyForDeploymentPostprocessing = 0;
			shellPath = /bin/sh;
			shellScript = "diff \"${PODS_PODFILE_DIR_PATH}/Podfile.lock\" \"${PODS_ROOT}/Manifest.lock\" > /dev/null\nif [ $? != 0 ] ; then\n    # print error to STDERR\n    echo \"error: The sandbox is not in sync with the Podfile.lock. Run 'pod install' or update your CocoaPods installation.\" >&2\n    exit 1\nfi\n# This output is used by Xcode 'outputs' to avoid re-running this script phase.\necho \"SUCCESS\" > \"${SCRIPT_OUTPUT_FILE_0}\"\n";
			showEnvVarsInLog = 0;
		};
/* End PBXShellScriptBuildPhase section */

/* Begin PBXSourcesBuildPhase section */
		312A960F2646A603008C2278 /* Sources */ = {
			isa = PBXSourcesBuildPhase;
			buildActionMask = 2147483647;
			files = (
				31F3B4D92668F91E00050549 /* TopicsChooseViewController.swift in Sources */,
				31F046A5265DDD50001FB7A9 /* AbstractApiClient.swift in Sources */,
				319B426D265E4BC500F39191 /* Topic.swift in Sources */,
				317F019726672BCE00149380 /* SettingsViewController.swift in Sources */,
				312E8FF42659107C00EE0E2D /* PlayersNavigationController.swift in Sources */,
				3180C4C4265A8E32002ED550 /* PlayersAddViewController.swift in Sources */,
				319B4270265E595200F39191 /* QuestionsIndexApiClient.swift in Sources */,
				319B4273265E59BC00F39191 /* Question.swift in Sources */,
				31C5C8BC2664E889000A1EF2 /* QuestionPickAnimationView.swift in Sources */,
				31322B0726512834008D58C1 /* AssetImageView.swift in Sources */,
				31F046A9265DDE00001FB7A9 /* TopicsIndexApiClient.swift in Sources */,
				31E47E92264FD5910028B545 /* SecondaryButton.swift in Sources */,
				312A961B2646A603008C2278 /* MainMenuViewController.swift in Sources */,
				319B4284265E855A00F39191 /* GameSession.swift in Sources */,
				312A96172646A603008C2278 /* AppDelegate.swift in Sources */,
				317F01A22667379400149380 /* LanguageRegistry.swift in Sources */,
				319399BA2667A8D30088F9DB /* PlayersChooseDealerViewController.swift in Sources */,
				317F01AA26673A3C00149380 /* LanguageTableViewCell.swift in Sources */,
				317F01872666594200149380 /* LocalizedStringRegistry.swift in Sources */,
				31C3C11D264FABA900CCD7A9 /* PrimaryButton.swift in Sources */,
				319B4279265E6FF100F39191 /* PlayersEditNameViewController.swift in Sources */,
				317F01A5266737C400149380 /* LanguagesIndexApiClient.swift in Sources */,
				317F017F2665DC7C00149380 /* AssetRegistry.swift in Sources */,
				31322B0226511CC5008D58C1 /* BaseButton.swift in Sources */,
				312E8FFD265928FB00EE0E2D /* KeyboardSpacerView.swift in Sources */,
				31A80CA5265E3F4C0018BBD4 /* ActivityIndicatorView.swift in Sources */,
				317F01AF26673DEB00149380 /* UserSession.swift in Sources */,
				319B427E265E715D00F39191 /* PlayerEditNameTableViewCell.swift in Sources */,
				3180C4BE265A637D002ED550 /* InstructionView.swift in Sources */,
				317F018D2667011000149380 /* RootViewController.swift in Sources */,
				312A96192646A603008C2278 /* SceneDelegate.swift in Sources */,
				31A80CA1265E3BE70018BBD4 /* NotificationName.swift in Sources */,
				319C82942667BC8000E1FE66 /* ChooseDealerTableViewCell.swift in Sources */,
				317F018A266659B100149380 /* LocalizedStringsIndexApiClient.swift in Sources */,
				317F0182266607F300149380 /* AudioPlayer.swift in Sources */,
				319B426A265E48D900F39191 /* TopicRegistry.swift in Sources */,
				317F01782665D60C00149380 /* FetchAssetsView.swift in Sources */,
				31C5C8B82664E3FA000A1EF2 /* PlayersChooseQuestionViewController.swift in Sources */,
				317F019F2667373300149380 /* Language.swift in Sources */,
				317F019B2667354900149380 /* SettingsLanguageViewController.swift in Sources */,
				319B4276265E59DD00F39191 /* QuestionRegistry.swift in Sources */,
				31F3B4DD266909E900050549 /* TopicsPickAnimationView.swift in Sources */,
				312E8FF82659281F00EE0E2D /* DesignableView.swift in Sources */,
			);
			runOnlyForDeploymentPostprocessing = 0;
		};
/* End PBXSourcesBuildPhase section */

/* Begin PBXVariantGroup section */
		312A961C2646A603008C2278 /* Main.storyboard */ = {
			isa = PBXVariantGroup;
			children = (
				312A961D2646A603008C2278 /* Base */,
			);
			name = Main.storyboard;
			sourceTree = "<group>";
		};
		312A96212646A604008C2278 /* LaunchScreen.storyboard */ = {
			isa = PBXVariantGroup;
			children = (
				312A96222646A604008C2278 /* Base */,
			);
			name = LaunchScreen.storyboard;
			sourceTree = "<group>";
		};
		312A96372646A6D1008C2278 /* InfoPlist.strings */ = {
			isa = PBXVariantGroup;
			children = (
				312A96392646A6D4008C2278 /* ja */,
			);
			name = InfoPlist.strings;
			sourceTree = "<group>";
		};
/* End PBXVariantGroup section */

/* Begin XCBuildConfiguration section */
		312A96252646A604008C2278 /* Debug */ = {
			isa = XCBuildConfiguration;
			buildSettings = {
				ALWAYS_SEARCH_USER_PATHS = NO;
				CLANG_ANALYZER_LOCALIZABILITY_NONLOCALIZED = YES;
				CLANG_ANALYZER_NONNULL = YES;
				CLANG_ANALYZER_NUMBER_OBJECT_CONVERSION = YES_AGGRESSIVE;
				CLANG_CXX_LANGUAGE_STANDARD = "gnu++14";
				CLANG_CXX_LIBRARY = "libc++";
				CLANG_ENABLE_MODULES = YES;
				CLANG_ENABLE_OBJC_ARC = YES;
				CLANG_ENABLE_OBJC_WEAK = YES;
				CLANG_WARN_BLOCK_CAPTURE_AUTORELEASING = YES;
				CLANG_WARN_BOOL_CONVERSION = YES;
				CLANG_WARN_COMMA = YES;
				CLANG_WARN_CONSTANT_CONVERSION = YES;
				CLANG_WARN_DEPRECATED_OBJC_IMPLEMENTATIONS = YES;
				CLANG_WARN_DIRECT_OBJC_ISA_USAGE = YES_ERROR;
				CLANG_WARN_DOCUMENTATION_COMMENTS = YES;
				CLANG_WARN_EMPTY_BODY = YES;
				CLANG_WARN_ENUM_CONVERSION = YES;
				CLANG_WARN_INFINITE_RECURSION = YES;
				CLANG_WARN_INT_CONVERSION = YES;
				CLANG_WARN_NON_LITERAL_NULL_CONVERSION = YES;
				CLANG_WARN_OBJC_IMPLICIT_RETAIN_SELF = YES;
				CLANG_WARN_OBJC_LITERAL_CONVERSION = YES;
				CLANG_WARN_OBJC_ROOT_CLASS = YES_ERROR;
				CLANG_WARN_QUOTED_INCLUDE_IN_FRAMEWORK_HEADER = YES;
				CLANG_WARN_RANGE_LOOP_ANALYSIS = YES;
				CLANG_WARN_STRICT_PROTOTYPES = YES;
				CLANG_WARN_SUSPICIOUS_MOVE = YES;
				CLANG_WARN_UNGUARDED_AVAILABILITY = YES_AGGRESSIVE;
				CLANG_WARN_UNREACHABLE_CODE = YES;
				CLANG_WARN__DUPLICATE_METHOD_MATCH = YES;
				COPY_PHASE_STRIP = NO;
				DEBUG_INFORMATION_FORMAT = dwarf;
				ENABLE_STRICT_OBJC_MSGSEND = YES;
				ENABLE_TESTABILITY = YES;
				GCC_C_LANGUAGE_STANDARD = gnu11;
				GCC_DYNAMIC_NO_PIC = NO;
				GCC_NO_COMMON_BLOCKS = YES;
				GCC_OPTIMIZATION_LEVEL = 0;
				GCC_PREPROCESSOR_DEFINITIONS = (
					"DEBUG=1",
					"$(inherited)",
				);
				GCC_WARN_64_TO_32_BIT_CONVERSION = YES;
				GCC_WARN_ABOUT_RETURN_TYPE = YES_ERROR;
				GCC_WARN_UNDECLARED_SELECTOR = YES;
				GCC_WARN_UNINITIALIZED_AUTOS = YES_AGGRESSIVE;
				GCC_WARN_UNUSED_FUNCTION = YES;
				GCC_WARN_UNUSED_VARIABLE = YES;
				IPHONEOS_DEPLOYMENT_TARGET = 14.4;
				MTL_ENABLE_DEBUG_INFO = INCLUDE_SOURCE;
				MTL_FAST_MATH = YES;
				ONLY_ACTIVE_ARCH = YES;
				SDKROOT = iphoneos;
				SWIFT_ACTIVE_COMPILATION_CONDITIONS = DEBUG;
				SWIFT_OPTIMIZATION_LEVEL = "-Onone";
			};
			name = Debug;
		};
		312A96262646A604008C2278 /* Release */ = {
			isa = XCBuildConfiguration;
			buildSettings = {
				ALWAYS_SEARCH_USER_PATHS = NO;
				CLANG_ANALYZER_LOCALIZABILITY_NONLOCALIZED = YES;
				CLANG_ANALYZER_NONNULL = YES;
				CLANG_ANALYZER_NUMBER_OBJECT_CONVERSION = YES_AGGRESSIVE;
				CLANG_CXX_LANGUAGE_STANDARD = "gnu++14";
				CLANG_CXX_LIBRARY = "libc++";
				CLANG_ENABLE_MODULES = YES;
				CLANG_ENABLE_OBJC_ARC = YES;
				CLANG_ENABLE_OBJC_WEAK = YES;
				CLANG_WARN_BLOCK_CAPTURE_AUTORELEASING = YES;
				CLANG_WARN_BOOL_CONVERSION = YES;
				CLANG_WARN_COMMA = YES;
				CLANG_WARN_CONSTANT_CONVERSION = YES;
				CLANG_WARN_DEPRECATED_OBJC_IMPLEMENTATIONS = YES;
				CLANG_WARN_DIRECT_OBJC_ISA_USAGE = YES_ERROR;
				CLANG_WARN_DOCUMENTATION_COMMENTS = YES;
				CLANG_WARN_EMPTY_BODY = YES;
				CLANG_WARN_ENUM_CONVERSION = YES;
				CLANG_WARN_INFINITE_RECURSION = YES;
				CLANG_WARN_INT_CONVERSION = YES;
				CLANG_WARN_NON_LITERAL_NULL_CONVERSION = YES;
				CLANG_WARN_OBJC_IMPLICIT_RETAIN_SELF = YES;
				CLANG_WARN_OBJC_LITERAL_CONVERSION = YES;
				CLANG_WARN_OBJC_ROOT_CLASS = YES_ERROR;
				CLANG_WARN_QUOTED_INCLUDE_IN_FRAMEWORK_HEADER = YES;
				CLANG_WARN_RANGE_LOOP_ANALYSIS = YES;
				CLANG_WARN_STRICT_PROTOTYPES = YES;
				CLANG_WARN_SUSPICIOUS_MOVE = YES;
				CLANG_WARN_UNGUARDED_AVAILABILITY = YES_AGGRESSIVE;
				CLANG_WARN_UNREACHABLE_CODE = YES;
				CLANG_WARN__DUPLICATE_METHOD_MATCH = YES;
				COPY_PHASE_STRIP = NO;
				DEBUG_INFORMATION_FORMAT = "dwarf-with-dsym";
				ENABLE_NS_ASSERTIONS = NO;
				ENABLE_STRICT_OBJC_MSGSEND = YES;
				GCC_C_LANGUAGE_STANDARD = gnu11;
				GCC_NO_COMMON_BLOCKS = YES;
				GCC_WARN_64_TO_32_BIT_CONVERSION = YES;
				GCC_WARN_ABOUT_RETURN_TYPE = YES_ERROR;
				GCC_WARN_UNDECLARED_SELECTOR = YES;
				GCC_WARN_UNINITIALIZED_AUTOS = YES_AGGRESSIVE;
				GCC_WARN_UNUSED_FUNCTION = YES;
				GCC_WARN_UNUSED_VARIABLE = YES;
				IPHONEOS_DEPLOYMENT_TARGET = 14.4;
				MTL_ENABLE_DEBUG_INFO = NO;
				MTL_FAST_MATH = YES;
				SDKROOT = iphoneos;
				SWIFT_COMPILATION_MODE = wholemodule;
				SWIFT_OPTIMIZATION_LEVEL = "-O";
				VALIDATE_PRODUCT = YES;
			};
			name = Release;
		};
		312A96282646A604008C2278 /* Debug */ = {
			isa = XCBuildConfiguration;
			baseConfigurationReference = A026AE652640FD13669B2A6D /* Pods-AppCreating1.debug.xcconfig */;
			buildSettings = {
				ASSETCATALOG_COMPILER_APPICON_NAME = AppIcon;
				ASSETCATALOG_COMPILER_GLOBAL_ACCENT_COLOR_NAME = AccentColor;
				CODE_SIGN_STYLE = Automatic;
				CURRENT_PROJECT_VERSION = 17;
				DEVELOPMENT_TEAM = K334V22YZ3;
				INFOPLIST_FILE = AppCreating1/Info.plist;
				IPHONEOS_DEPLOYMENT_TARGET = 13.0;
				LD_RUNPATH_SEARCH_PATHS = (
					"$(inherited)",
					"@executable_path/Frameworks",
				);
				MARKETING_VERSION = 1.0.0;
				PRODUCT_BUNDLE_IDENTIFIER = app.arakaki.AppCreating1;
				PRODUCT_NAME = "$(TARGET_NAME)";
				SWIFT_VERSION = 5.0;
				TARGETED_DEVICE_FAMILY = 1;
			};
			name = Debug;
		};
		312A96292646A604008C2278 /* Release */ = {
			isa = XCBuildConfiguration;
			baseConfigurationReference = A16AA608926168AE6658AEAD /* Pods-AppCreating1.release.xcconfig */;
			buildSettings = {
				ASSETCATALOG_COMPILER_APPICON_NAME = AppIcon;
				ASSETCATALOG_COMPILER_GLOBAL_ACCENT_COLOR_NAME = AccentColor;
				CODE_SIGN_STYLE = Automatic;
				CURRENT_PROJECT_VERSION = 17;
				DEVELOPMENT_TEAM = K334V22YZ3;
				INFOPLIST_FILE = AppCreating1/Info.plist;
				IPHONEOS_DEPLOYMENT_TARGET = 13.0;
				LD_RUNPATH_SEARCH_PATHS = (
					"$(inherited)",
					"@executable_path/Frameworks",
				);
				MARKETING_VERSION = 1.0.0;
				PRODUCT_BUNDLE_IDENTIFIER = app.arakaki.AppCreating1;
				PRODUCT_NAME = "$(TARGET_NAME)";
				SWIFT_VERSION = 5.0;
				TARGETED_DEVICE_FAMILY = 1;
			};
			name = Release;
		};
/* End XCBuildConfiguration section */

/* Begin XCConfigurationList section */
		312A960E2646A603008C2278 /* Build configuration list for PBXProject "AppCreating1" */ = {
			isa = XCConfigurationList;
			buildConfigurations = (
				312A96252646A604008C2278 /* Debug */,
				312A96262646A604008C2278 /* Release */,
			);
			defaultConfigurationIsVisible = 0;
			defaultConfigurationName = Release;
		};
		312A96272646A604008C2278 /* Build configuration list for PBXNativeTarget "AppCreating1" */ = {
			isa = XCConfigurationList;
			buildConfigurations = (
				312A96282646A604008C2278 /* Debug */,
				312A96292646A604008C2278 /* Release */,
			);
			defaultConfigurationIsVisible = 0;
			defaultConfigurationName = Release;
		};
/* End XCConfigurationList section */
	};
	rootObject = 312A960B2646A603008C2278 /* Project object */;
}
